
Microsoft Visual Studio Solution File, Format Version 12.00
# Visual Studio Version 16
VisualStudioVersion = 16.0.29911.84
MinimumVisualStudioVersion = 10.0.40219.1
Project("{FAE04EC0-301F-11D3-BF4B-00C04F79EFBC}") = "YoutubeDownloader.Api", "YoutubeDownloader\YoutubeDownloader.Api.csproj", "{5D5795C6-B1CD-47C7-8355-CEACCBA786CA}"
EndProject
Global
	GlobalSection(SolutionConfigurationPlatforms) = preSolution
		Debug|Any CPU = Debug|Any CPU
		Release|Any CPU = Release|Any CPU
	EndGlobalSection
	GlobalSection(ProjectConfigurationPlatforms) = postSolution
		{5D5795C6-B1CD-47C7-8355-CEACCBA786CA}.Debug|Any CPU.ActiveCfg = Debug|Any CPU
		{5D5795C6-B1CD-47C7-8355-CEACCBA786CA}.Debug|Any CPU.Build.0 = Debug|Any CPU
		{5D5795C6-B1CD-47C7-8355-CEACCBA786CA}.Release|Any CPU.ActiveCfg = Release|Any CPU
		{5D5795C6-B1CD-47C7-8355-CEACCBA786CA}.Release|Any CPU.Build.0 = Release|Any CPU
	EndGlobalSection
	GlobalSection(SolutionProperties) = preSolution
		HideSolutionNode = FALSE
	EndGlobalSection
	GlobalSection(ExtensibilityGlobals) = postSolution
		SolutionGuid = {67B84F09-3899-45A0-B4AB-4A99EEB6FDC3}
	EndGlobalSection
EndGlobal
